
Microsoft Visual Studio Solution File, Format Version 12.00
# Visual Studio Version 17
VisualStudioVersion = 17.6.33723.286
MinimumVisualStudioVersion = 10.0.40219.1
Project("{2150E333-8FDC-42A3-9474-1A3956D46DE8}") = "FrontEnd", "FrontEnd", "{39BED516-C95D-4F9F-9EFC-B5E7A5FBFFFE}"
EndProject
Project("{2150E333-8FDC-42A3-9474-1A3956D46DE8}") = "Gateway", "Gateway", "{6ACF2F5B-1C2A-4E05-B9E7-4A65457F9F6E}"
EndProject
Project("{2150E333-8FDC-42A3-9474-1A3956D46DE8}") = "Integration", "Integration", "{E6E34153-91B2-4BA0-940A-B92A662910D8}"
EndProject
Project("{2150E333-8FDC-42A3-9474-1A3956D46DE8}") = "Services", "Services", "{363B4D07-E0A0-42B0-95A6-7239C12D7458}"
EndProject
Project("{9A19103F-16F7-4668-BE54-9A1E7A4F7556}") = "TZPU.Services.CouponAPI", "TZPU.Services.CouponAPI\TZPU.Services.CouponAPI.csproj", "{404B2D9B-AF52-41F7-AF22-5907FF1ED3DF}"
EndProject
Project("{9A19103F-16F7-4668-BE54-9A1E7A4F7556}") = "TZPU.Web", "TZPU.Web\TZPU.Web.csproj", "{300570CE-BE9E-4ED7-B343-9F47E19A8D97}"
EndProject
Project("{9A19103F-16F7-4668-BE54-9A1E7A4F7556}") = "TZPU.Services.AuthAPI", "TZPU.Services.AuthAPI\TZPU.Services.AuthAPI.csproj", "{8C7BF2ED-FCAD-4B98-A72A-1B7818FA1B14}"
EndProject
Project("{9A19103F-16F7-4668-BE54-9A1E7A4F7556}") = "TZPU.Services.ProductAPI", "TZPU.Services.ProductAPI\TZPU.Services.ProductAPI.csproj", "{2B2FA910-8D67-4D89-82AB-1A34E593C95B}"
EndProject
Project("{9A19103F-16F7-4668-BE54-9A1E7A4F7556}") = "TZPU.Services.ShoppingCardAPI", "TZPU.Services.ShoppingCardAPI\TZPU.Services.ShoppingCardAPI.csproj", "{2E48098B-C6C6-4C19-9A85-708C5C3C0842}"
EndProject
Project("{9A19103F-16F7-4668-BE54-9A1E7A4F7556}") = "TZPU.Services.OrderAPI", "TZPU.Services.OrderAPI\TZPU.Services.OrderAPI.csproj", "{F184F5C0-5424-4CA3-87FF-833758DC51AA}"
EndProject
Project("{FAE04EC0-301F-11D3-BF4B-00C04F79EFBC}") = "TZPU.GatewaySolution", "TZPU.GatewaySolution\TZPU.GatewaySolution.csproj", "{9C617E0A-D11B-4AFD-B6C0-163476054F8C}"
EndProject
Global
	GlobalSection(SolutionConfigurationPlatforms) = preSolution
		Debug|Any CPU = Debug|Any CPU
		Release|Any CPU = Release|Any CPU
	EndGlobalSection
	GlobalSection(ProjectConfigurationPlatforms) = postSolution
		{404B2D9B-AF52-41F7-AF22-5907FF1ED3DF}.Debug|Any CPU.ActiveCfg = Debug|Any CPU
		{404B2D9B-AF52-41F7-AF22-5907FF1ED3DF}.Debug|Any CPU.Build.0 = Debug|Any CPU
		{404B2D9B-AF52-41F7-AF22-5907FF1ED3DF}.Release|Any CPU.ActiveCfg = Release|Any CPU
		{404B2D9B-AF52-41F7-AF22-5907FF1ED3DF}.Release|Any CPU.Build.0 = Release|Any CPU
		{300570CE-BE9E-4ED7-B343-9F47E19A8D97}.Debug|Any CPU.ActiveCfg = Debug|Any CPU
		{300570CE-BE9E-4ED7-B343-9F47E19A8D97}.Debug|Any CPU.Build.0 = Debug|Any CPU
		{300570CE-BE9E-4ED7-B343-9F47E19A8D97}.Release|Any CPU.ActiveCfg = Release|Any CPU
		{300570CE-BE9E-4ED7-B343-9F47E19A8D97}.Release|Any CPU.Build.0 = Release|Any CPU
		{8C7BF2ED-FCAD-4B98-A72A-1B7818FA1B14}.Debug|Any CPU.ActiveCfg = Debug|Any CPU
		{8C7BF2ED-FCAD-4B98-A72A-1B7818FA1B14}.Debug|Any CPU.Build.0 = Debug|Any CPU
		{8C7BF2ED-FCAD-4B98-A72A-1B7818FA1B14}.Release|Any CPU.ActiveCfg = Release|Any CPU
		{8C7BF2ED-FCAD-4B98-A72A-1B7818FA1B14}.Release|Any CPU.Build.0 = Release|Any CPU
		{2B2FA910-8D67-4D89-82AB-1A34E593C95B}.Debug|Any CPU.ActiveCfg = Debug|Any CPU
		{2B2FA910-8D67-4D89-82AB-1A34E593C95B}.Debug|Any CPU.Build.0 = Debug|Any CPU
		{2B2FA910-8D67-4D89-82AB-1A34E593C95B}.Release|Any CPU.ActiveCfg = Release|Any CPU
		{2B2FA910-8D67-4D89-82AB-1A34E593C95B}.Release|Any CPU.Build.0 = Release|Any CPU
		{2E48098B-C6C6-4C19-9A85-708C5C3C0842}.Debug|Any CPU.ActiveCfg = Debug|Any CPU
		{2E48098B-C6C6-4C19-9A85-708C5C3C0842}.Debug|Any CPU.Build.0 = Debug|Any CPU
		{2E48098B-C6C6-4C19-9A85-708C5C3C0842}.Release|Any CPU.ActiveCfg = Release|Any CPU
		{2E48098B-C6C6-4C19-9A85-708C5C3C0842}.Release|Any CPU.Build.0 = Release|Any CPU
		{F184F5C0-5424-4CA3-87FF-833758DC51AA}.Debug|Any CPU.ActiveCfg = Debug|Any CPU
		{F184F5C0-5424-4CA3-87FF-833758DC51AA}.Debug|Any CPU.Build.0 = Debug|Any CPU
		{F184F5C0-5424-4CA3-87FF-833758DC51AA}.Release|Any CPU.ActiveCfg = Release|Any CPU
		{F184F5C0-5424-4CA3-87FF-833758DC51AA}.Release|Any CPU.Build.0 = Release|Any CPU
		{9C617E0A-D11B-4AFD-B6C0-163476054F8C}.Debug|Any CPU.ActiveCfg = Debug|Any CPU
		{9C617E0A-D11B-4AFD-B6C0-163476054F8C}.Debug|Any CPU.Build.0 = Debug|Any CPU
		{9C617E0A-D11B-4AFD-B6C0-163476054F8C}.Release|Any CPU.ActiveCfg = Release|Any CPU
		{9C617E0A-D11B-4AFD-B6C0-163476054F8C}.Release|Any CPU.Build.0 = Release|Any CPU
	EndGlobalSection
	GlobalSection(SolutionProperties) = preSolution
		HideSolutionNode = FALSE
	EndGlobalSection
	GlobalSection(NestedProjects) = preSolution
		{404B2D9B-AF52-41F7-AF22-5907FF1ED3DF} = {363B4D07-E0A0-42B0-95A6-7239C12D7458}
		{300570CE-BE9E-4ED7-B343-9F47E19A8D97} = {39BED516-C95D-4F9F-9EFC-B5E7A5FBFFFE}
		{8C7BF2ED-FCAD-4B98-A72A-1B7818FA1B14} = {363B4D07-E0A0-42B0-95A6-7239C12D7458}
		{2B2FA910-8D67-4D89-82AB-1A34E593C95B} = {363B4D07-E0A0-42B0-95A6-7239C12D7458}
		{2E48098B-C6C6-4C19-9A85-708C5C3C0842} = {363B4D07-E0A0-42B0-95A6-7239C12D7458}
		{F184F5C0-5424-4CA3-87FF-833758DC51AA} = {363B4D07-E0A0-42B0-95A6-7239C12D7458}
		{9C617E0A-D11B-4AFD-B6C0-163476054F8C} = {6ACF2F5B-1C2A-4E05-B9E7-4A65457F9F6E}
	EndGlobalSection
	GlobalSection(ExtensibilityGlobals) = postSolution
		SolutionGuid = {FF8C1474-C8B1-4A27-B07D-974D01C02734}
	EndGlobalSection
EndGlobal
